// !$*UTF8*$!
{
	archiveVersion = 1;
	classes = {
	};
	objectVersion = 50;
	objects = {

/* Begin PBXBuildFile section */
		10656D20224B2FB200340DC0 /* AppDelegate.swift in Sources */ = {isa = PBXBuildFile; fileRef = 10656D1F224B2FB200340DC0 /* AppDelegate.swift */; };
		10656D22224B2FB200340DC0 /* PlatformController.swift in Sources */ = {isa = PBXBuildFile; fileRef = 10656D21224B2FB200340DC0 /* PlatformController.swift */; };
		10656D25224B2FB200340DC0 /* Main.storyboard in Resources */ = {isa = PBXBuildFile; fileRef = 10656D23224B2FB200340DC0 /* Main.storyboard */; };
		10656D28224B2FB200340DC0 /* GameTrkr.xcdatamodeld in Sources */ = {isa = PBXBuildFile; fileRef = 10656D26224B2FB200340DC0 /* GameTrkr.xcdatamodeld */; };
		10656D2A224B2FB600340DC0 /* Assets.xcassets in Resources */ = {isa = PBXBuildFile; fileRef = 10656D29224B2FB600340DC0 /* Assets.xcassets */; };
		10656D2D224B2FB600340DC0 /* LaunchScreen.storyboard in Resources */ = {isa = PBXBuildFile; fileRef = 10656D2B224B2FB600340DC0 /* LaunchScreen.storyboard */; };
		10656D38224B2FB700340DC0 /* GameTrkrTests.swift in Sources */ = {isa = PBXBuildFile; fileRef = 10656D37224B2FB700340DC0 /* GameTrkrTests.swift */; };
		10656D43224B2FB700340DC0 /* GameTrkrUITests.swift in Sources */ = {isa = PBXBuildFile; fileRef = 10656D42224B2FB700340DC0 /* GameTrkrUITests.swift */; };
		10656D59224C3EDA00340DC0 /* PlatformCell.swift in Sources */ = {isa = PBXBuildFile; fileRef = 10656D58224C3EDA00340DC0 /* PlatformCell.swift */; };
		10A9C1502251D18900C7A4E8 /* GameImageDetailController.swift in Sources */ = {isa = PBXBuildFile; fileRef = 10A9C14F2251D18900C7A4E8 /* GameImageDetailController.swift */; };
		10A9C1522251D3E800C7A4E8 /* GameDetailsEditController.swift in Sources */ = {isa = PBXBuildFile; fileRef = 10A9C1512251D3E800C7A4E8 /* GameDetailsEditController.swift */; };
		10F9F3B422556FA400094D2C /* DataController.swift in Sources */ = {isa = PBXBuildFile; fileRef = 10F9F3B322556FA400094D2C /* DataController.swift */; };
		10FBFABC224DA5BD00A7BF0F /* Cell.swift in Sources */ = {isa = PBXBuildFile; fileRef = 10FBFABB224DA5BD00A7BF0F /* Cell.swift */; };
		10FBFABE224DC93600A7BF0F /* GameCell.swift in Sources */ = {isa = PBXBuildFile; fileRef = 10FBFABD224DC93600A7BF0F /* GameCell.swift */; };
		10FBFAC0224DC9F000A7BF0F /* GamesController.swift in Sources */ = {isa = PBXBuildFile; fileRef = 10FBFABF224DC9F000A7BF0F /* GamesController.swift */; };
		10FBFAC222504AB000A7BF0F /* GameDetailsController.swift in Sources */ = {isa = PBXBuildFile; fileRef = 10FBFAC122504AB000A7BF0F /* GameDetailsController.swift */; };
		10FBFAC422519C9A00A7BF0F /* GamePhotoCell.swift in Sources */ = {isa = PBXBuildFile; fileRef = 10FBFAC322519C9A00A7BF0F /* GamePhotoCell.swift */; };
/* End PBXBuildFile section */

/* Begin PBXContainerItemProxy section */
		10656D34224B2FB700340DC0 /* PBXContainerItemProxy */ = {
			isa = PBXContainerItemProxy;
			containerPortal = 10656D14224B2FB200340DC0 /* Project object */;
			proxyType = 1;
			remoteGlobalIDString = 10656D1B224B2FB200340DC0;
			remoteInfo = GameTrkr;
		};
		10656D3F224B2FB700340DC0 /* PBXContainerItemProxy */ = {
			isa = PBXContainerItemProxy;
			containerPortal = 10656D14224B2FB200340DC0 /* Project object */;
			proxyType = 1;
			remoteGlobalIDString = 10656D1B224B2FB200340DC0;
			remoteInfo = GameTrkr;
		};
/* End PBXContainerItemProxy section */

/* Begin PBXFileReference section */
		10656D1C224B2FB200340DC0 /* GameTrkr.app */ = {isa = PBXFileReference; explicitFileType = wrapper.application; includeInIndex = 0; path = GameTrkr.app; sourceTree = BUILT_PRODUCTS_DIR; };
		10656D1F224B2FB200340DC0 /* AppDelegate.swift */ = {isa = PBXFileReference; lastKnownFileType = sourcecode.swift; path = AppDelegate.swift; sourceTree = "<group>"; };
		10656D21224B2FB200340DC0 /* PlatformController.swift */ = {isa = PBXFileReference; lastKnownFileType = sourcecode.swift; path = PlatformController.swift; sourceTree = "<group>"; };
		10656D24224B2FB200340DC0 /* Base */ = {isa = PBXFileReference; lastKnownFileType = file.storyboard; name = Base; path = Base.lproj/Main.storyboard; sourceTree = "<group>"; };
		10656D27224B2FB200340DC0 /* GameTrkr.xcdatamodel */ = {isa = PBXFileReference; lastKnownFileType = wrapper.xcdatamodel; path = GameTrkr.xcdatamodel; sourceTree = "<group>"; };
		10656D29224B2FB600340DC0 /* Assets.xcassets */ = {isa = PBXFileReference; lastKnownFileType = folder.assetcatalog; path = Assets.xcassets; sourceTree = "<group>"; };
		10656D2C224B2FB600340DC0 /* Base */ = {isa = PBXFileReference; lastKnownFileType = file.storyboard; name = Base; path = Base.lproj/LaunchScreen.storyboard; sourceTree = "<group>"; };
		10656D2E224B2FB600340DC0 /* Info.plist */ = {isa = PBXFileReference; lastKnownFileType = text.plist.xml; path = Info.plist; sourceTree = "<group>"; };
		10656D33224B2FB700340DC0 /* GameTrkrTests.xctest */ = {isa = PBXFileReference; explicitFileType = wrapper.cfbundle; includeInIndex = 0; path = GameTrkrTests.xctest; sourceTree = BUILT_PRODUCTS_DIR; };
		10656D37224B2FB700340DC0 /* GameTrkrTests.swift */ = {isa = PBXFileReference; lastKnownFileType = sourcecode.swift; path = GameTrkrTests.swift; sourceTree = "<group>"; };
		10656D39224B2FB700340DC0 /* Info.plist */ = {isa = PBXFileReference; lastKnownFileType = text.plist.xml; path = Info.plist; sourceTree = "<group>"; };
		10656D3E224B2FB700340DC0 /* GameTrkrUITests.xctest */ = {isa = PBXFileReference; explicitFileType = wrapper.cfbundle; includeInIndex = 0; path = GameTrkrUITests.xctest; sourceTree = BUILT_PRODUCTS_DIR; };
		10656D42224B2FB700340DC0 /* GameTrkrUITests.swift */ = {isa = PBXFileReference; lastKnownFileType = sourcecode.swift; path = GameTrkrUITests.swift; sourceTree = "<group>"; };
		10656D44224B2FB700340DC0 /* Info.plist */ = {isa = PBXFileReference; lastKnownFileType = text.plist.xml; path = Info.plist; sourceTree = "<group>"; };
		10656D58224C3EDA00340DC0 /* PlatformCell.swift */ = {isa = PBXFileReference; lastKnownFileType = sourcecode.swift; path = PlatformCell.swift; sourceTree = "<group>"; };
		10A9C14F2251D18900C7A4E8 /* GameImageDetailController.swift */ = {isa = PBXFileReference; lastKnownFileType = sourcecode.swift; path = GameImageDetailController.swift; sourceTree = "<group>"; };
		10A9C1512251D3E800C7A4E8 /* GameDetailsEditController.swift */ = {isa = PBXFileReference; lastKnownFileType = sourcecode.swift; path = GameDetailsEditController.swift; sourceTree = "<group>"; };
		10F9F3B322556FA400094D2C /* DataController.swift */ = {isa = PBXFileReference; lastKnownFileType = sourcecode.swift; path = DataController.swift; sourceTree = "<group>"; };
		10FBFABB224DA5BD00A7BF0F /* Cell.swift */ = {isa = PBXFileReference; lastKnownFileType = sourcecode.swift; path = Cell.swift; sourceTree = "<group>"; };
		10FBFABD224DC93600A7BF0F /* GameCell.swift */ = {isa = PBXFileReference; lastKnownFileType = sourcecode.swift; path = GameCell.swift; sourceTree = "<group>"; };
		10FBFABF224DC9F000A7BF0F /* GamesController.swift */ = {isa = PBXFileReference; lastKnownFileType = sourcecode.swift; path = GamesController.swift; sourceTree = "<group>"; };
		10FBFAC122504AB000A7BF0F /* GameDetailsController.swift */ = {isa = PBXFileReference; lastKnownFileType = sourcecode.swift; path = GameDetailsController.swift; sourceTree = "<group>"; };
		10FBFAC322519C9A00A7BF0F /* GamePhotoCell.swift */ = {isa = PBXFileReference; lastKnownFileType = sourcecode.swift; path = GamePhotoCell.swift; sourceTree = "<group>"; };
/* End PBXFileReference section */

/* Begin PBXFrameworksBuildPhase section */
		10656D19224B2FB200340DC0 /* Frameworks */ = {
			isa = PBXFrameworksBuildPhase;
			buildActionMask = 2147483647;
			files = (
			);
			runOnlyForDeploymentPostprocessing = 0;
		};
		10656D30224B2FB700340DC0 /* Frameworks */ = {
			isa = PBXFrameworksBuildPhase;
			buildActionMask = 2147483647;
			files = (
			);
			runOnlyForDeploymentPostprocessing = 0;
		};
		10656D3B224B2FB700340DC0 /* Frameworks */ = {
			isa = PBXFrameworksBuildPhase;
			buildActionMask = 2147483647;
			files = (
			);
			runOnlyForDeploymentPostprocessing = 0;
		};
/* End PBXFrameworksBuildPhase section */

/* Begin PBXGroup section */
		10656D13224B2FB200340DC0 = {
			isa = PBXGroup;
			children = (
				10656D1E224B2FB200340DC0 /* GameTrkr */,
				10656D36224B2FB700340DC0 /* GameTrkrTests */,
				10656D41224B2FB700340DC0 /* GameTrkrUITests */,
				10656D1D224B2FB200340DC0 /* Products */,
			);
			sourceTree = "<group>";
		};
		10656D1D224B2FB200340DC0 /* Products */ = {
			isa = PBXGroup;
			children = (
				10656D1C224B2FB200340DC0 /* GameTrkr.app */,
				10656D33224B2FB700340DC0 /* GameTrkrTests.xctest */,
				10656D3E224B2FB700340DC0 /* GameTrkrUITests.xctest */,
			);
			name = Products;
			sourceTree = "<group>";
		};
		10656D1E224B2FB200340DC0 /* GameTrkr */ = {
			isa = PBXGroup;
			children = (
				10656D1F224B2FB200340DC0 /* AppDelegate.swift */,
				10656D2E224B2FB600340DC0 /* Info.plist */,
				10656D29224B2FB600340DC0 /* Assets.xcassets */,
				10656D52224B305000340DC0 /* Model */,
				10656D53224B306300340DC0 /* View */,
				10656D54224B308A00340DC0 /* Controller */,
				10656D55224B309700340DC0 /* Storyboard */,
			);
			path = GameTrkr;
			sourceTree = "<group>";
		};
		10656D36224B2FB700340DC0 /* GameTrkrTests */ = {
			isa = PBXGroup;
			children = (
				10656D37224B2FB700340DC0 /* GameTrkrTests.swift */,
				10656D39224B2FB700340DC0 /* Info.plist */,
			);
			path = GameTrkrTests;
			sourceTree = "<group>";
		};
		10656D41224B2FB700340DC0 /* GameTrkrUITests */ = {
			isa = PBXGroup;
			children = (
				10656D42224B2FB700340DC0 /* GameTrkrUITests.swift */,
				10656D44224B2FB700340DC0 /* Info.plist */,
			);
			path = GameTrkrUITests;
			sourceTree = "<group>";
		};
		10656D52224B305000340DC0 /* Model */ = {
			isa = PBXGroup;
			children = (
				10656D26224B2FB200340DC0 /* GameTrkr.xcdatamodeld */,
				10F9F3B322556FA400094D2C /* DataController.swift */,
			);
			path = Model;
			sourceTree = "<group>";
		};
		10656D53224B306300340DC0 /* View */ = {
			isa = PBXGroup;
			children = (
				10FBFAB9224DA54700A7BF0F /* Cells */,
				10FBFABA224DA58300A7BF0F /* Protocols */,
			);
			path = View;
			sourceTree = "<group>";
		};
		10656D54224B308A00340DC0 /* Controller */ = {
			isa = PBXGroup;
			children = (
				10656D21224B2FB200340DC0 /* PlatformController.swift */,
				10FBFABF224DC9F000A7BF0F /* GamesController.swift */,
				10FBFAC122504AB000A7BF0F /* GameDetailsController.swift */,
				10A9C14F2251D18900C7A4E8 /* GameImageDetailController.swift */,
				10A9C1512251D3E800C7A4E8 /* GameDetailsEditController.swift */,
			);
			path = Controller;
			sourceTree = "<group>";
		};
		10656D55224B309700340DC0 /* Storyboard */ = {
			isa = PBXGroup;
			children = (
				10656D23224B2FB200340DC0 /* Main.storyboard */,
				10656D2B224B2FB600340DC0 /* LaunchScreen.storyboard */,
			);
			path = Storyboard;
			sourceTree = "<group>";
		};
		10FBFAB9224DA54700A7BF0F /* Cells */ = {
			isa = PBXGroup;
			children = (
				10656D58224C3EDA00340DC0 /* PlatformCell.swift */,
				10FBFABD224DC93600A7BF0F /* GameCell.swift */,
				10FBFAC322519C9A00A7BF0F /* GamePhotoCell.swift */,
			);
			path = Cells;
			sourceTree = "<group>";
		};
		10FBFABA224DA58300A7BF0F /* Protocols */ = {
			isa = PBXGroup;
			children = (
				10FBFABB224DA5BD00A7BF0F /* Cell.swift */,
			);
			path = Protocols;
			sourceTree = "<group>";
		};
/* End PBXGroup section */

/* Begin PBXNativeTarget section */
		10656D1B224B2FB200340DC0 /* GameTrkr */ = {
			isa = PBXNativeTarget;
			buildConfigurationList = 10656D47224B2FB700340DC0 /* Build configuration list for PBXNativeTarget "GameTrkr" */;
			buildPhases = (
				10656D18224B2FB200340DC0 /* Sources */,
				10656D19224B2FB200340DC0 /* Frameworks */,
				10656D1A224B2FB200340DC0 /* Resources */,
			);
			buildRules = (
			);
			dependencies = (
			);
			name = GameTrkr;
			productName = GameTrkr;
			productReference = 10656D1C224B2FB200340DC0 /* GameTrkr.app */;
			productType = "com.apple.product-type.application";
		};
		10656D32224B2FB700340DC0 /* GameTrkrTests */ = {
			isa = PBXNativeTarget;
			buildConfigurationList = 10656D4A224B2FB700340DC0 /* Build configuration list for PBXNativeTarget "GameTrkrTests" */;
			buildPhases = (
				10656D2F224B2FB700340DC0 /* Sources */,
				10656D30224B2FB700340DC0 /* Frameworks */,
				10656D31224B2FB700340DC0 /* Resources */,
			);
			buildRules = (
			);
			dependencies = (
				10656D35224B2FB700340DC0 /* PBXTargetDependency */,
			);
			name = GameTrkrTests;
			productName = GameTrkrTests;
			productReference = 10656D33224B2FB700340DC0 /* GameTrkrTests.xctest */;
			productType = "com.apple.product-type.bundle.unit-test";
		};
		10656D3D224B2FB700340DC0 /* GameTrkrUITests */ = {
			isa = PBXNativeTarget;
			buildConfigurationList = 10656D4D224B2FB700340DC0 /* Build configuration list for PBXNativeTarget "GameTrkrUITests" */;
			buildPhases = (
				10656D3A224B2FB700340DC0 /* Sources */,
				10656D3B224B2FB700340DC0 /* Frameworks */,
				10656D3C224B2FB700340DC0 /* Resources */,
			);
			buildRules = (
			);
			dependencies = (
				10656D40224B2FB700340DC0 /* PBXTargetDependency */,
			);
			name = GameTrkrUITests;
			productName = GameTrkrUITests;
			productReference = 10656D3E224B2FB700340DC0 /* GameTrkrUITests.xctest */;
			productType = "com.apple.product-type.bundle.ui-testing";
		};
/* End PBXNativeTarget section */

/* Begin PBXProject section */
		10656D14224B2FB200340DC0 /* Project object */ = {
			isa = PBXProject;
			attributes = {
				LastSwiftUpdateCheck = 1020;
				LastUpgradeCheck = 1020;
				ORGANIZATIONNAME = "Sean Foreman";
				TargetAttributes = {
					10656D1B224B2FB200340DC0 = {
						CreatedOnToolsVersion = 10.2;
					};
					10656D32224B2FB700340DC0 = {
						CreatedOnToolsVersion = 10.2;
						TestTargetID = 10656D1B224B2FB200340DC0;
					};
					10656D3D224B2FB700340DC0 = {
						CreatedOnToolsVersion = 10.2;
						TestTargetID = 10656D1B224B2FB200340DC0;
					};
				};
			};
			buildConfigurationList = 10656D17224B2FB200340DC0 /* Build configuration list for PBXProject "GameTrkr" */;
			compatibilityVersion = "Xcode 9.3";
			developmentRegion = en;
			hasScannedForEncodings = 0;
			knownRegions = (
				en,
				Base,
			);
			mainGroup = 10656D13224B2FB200340DC0;
			productRefGroup = 10656D1D224B2FB200340DC0 /* Products */;
			projectDirPath = "";
			projectRoot = "";
			targets = (
				10656D1B224B2FB200340DC0 /* GameTrkr */,
				10656D32224B2FB700340DC0 /* GameTrkrTests */,
				10656D3D224B2FB700340DC0 /* GameTrkrUITests */,
			);
		};
/* End PBXProject section */

/* Begin PBXResourcesBuildPhase section */
		10656D1A224B2FB200340DC0 /* Resources */ = {
			isa = PBXResourcesBuildPhase;
			buildActionMask = 2147483647;
			files = (
				10656D2D224B2FB600340DC0 /* LaunchScreen.storyboard in Resources */,
				10656D2A224B2FB600340DC0 /* Assets.xcassets in Resources */,
				10656D25224B2FB200340DC0 /* Main.storyboard in Resources */,
			);
			runOnlyForDeploymentPostprocessing = 0;
		};
		10656D31224B2FB700340DC0 /* Resources */ = {
			isa = PBXResourcesBuildPhase;
			buildActionMask = 2147483647;
			files = (
			);
			runOnlyForDeploymentPostprocessing = 0;
		};
		10656D3C224B2FB700340DC0 /* Resources */ = {
			isa = PBXResourcesBuildPhase;
			buildActionMask = 2147483647;
			files = (
			);
			runOnlyForDeploymentPostprocessing = 0;
		};
/* End PBXResourcesBuildPhase section */

/* Begin PBXSourcesBuildPhase section */
		10656D18224B2FB200340DC0 /* Sources */ = {
			isa = PBXSourcesBuildPhase;
			buildActionMask = 2147483647;
			files = (
				10656D22224B2FB200340DC0 /* PlatformController.swift in Sources */,
				10F9F3B422556FA400094D2C /* DataController.swift in Sources */,
				10FBFAC0224DC9F000A7BF0F /* GamesController.swift in Sources */,
				10656D28224B2FB200340DC0 /* GameTrkr.xcdatamodeld in Sources */,
				10656D59224C3EDA00340DC0 /* PlatformCell.swift in Sources */,
				10A9C1522251D3E800C7A4E8 /* GameDetailsEditController.swift in Sources */,
				10A9C1502251D18900C7A4E8 /* GameImageDetailController.swift in Sources */,
				10656D20224B2FB200340DC0 /* AppDelegate.swift in Sources */,
				10FBFAC222504AB000A7BF0F /* GameDetailsController.swift in Sources */,
				10FBFABC224DA5BD00A7BF0F /* Cell.swift in Sources */,
				10FBFAC422519C9A00A7BF0F /* GamePhotoCell.swift in Sources */,
				10FBFABE224DC93600A7BF0F /* GameCell.swift in Sources */,
			);
			runOnlyForDeploymentPostprocessing = 0;
		};
		10656D2F224B2FB700340DC0 /* Sources */ = {
			isa = PBXSourcesBuildPhase;
			buildActionMask = 2147483647;
			files = (
				10656D38224B2FB700340DC0 /* GameTrkrTests.swift in Sources */,
			);
			runOnlyForDeploymentPostprocessing = 0;
		};
		10656D3A224B2FB700340DC0 /* Sources */ = {
			isa = PBXSourcesBuildPhase;
			buildActionMask = 2147483647;
			files = (
				10656D43224B2FB700340DC0 /* GameTrkrUITests.swift in Sources */,
			);
			runOnlyForDeploymentPostprocessing = 0;
		};
/* End PBXSourcesBuildPhase section */

/* Begin PBXTargetDependency section */
		10656D35224B2FB700340DC0 /* PBXTargetDependency */ = {
			isa = PBXTargetDependency;
			target = 10656D1B224B2FB200340DC0 /* GameTrkr */;
			targetProxy = 10656D34224B2FB700340DC0 /* PBXContainerItemProxy */;
		};
		10656D40224B2FB700340DC0 /* PBXTargetDependency */ = {
			isa = PBXTargetDependency;
			target = 10656D1B224B2FB200340DC0 /* GameTrkr */;
			targetProxy = 10656D3F224B2FB700340DC0 /* PBXContainerItemProxy */;
		};
/* End PBXTargetDependency section */

/* Begin PBXVariantGroup section */
		10656D23224B2FB200340DC0 /* Main.storyboard */ = {
			isa = PBXVariantGroup;
			children = (
				10656D24224B2FB200340DC0 /* Base */,
			);
			name = Main.storyboard;
			sourceTree = "<group>";
		};
		10656D2B224B2FB600340DC0 /* LaunchScreen.storyboard */ = {
			isa = PBXVariantGroup;
			children = (
				10656D2C224B2FB600340DC0 /* Base */,
			);
			name = LaunchScreen.storyboard;
			sourceTree = "<group>";
		};
/* End PBXVariantGroup section */

/* Begin XCBuildConfiguration section */
		10656D45224B2FB700340DC0 /* Debug */ = {
			isa = XCBuildConfiguration;
			buildSettings = {
				ALWAYS_SEARCH_USER_PATHS = NO;
				CLANG_ANALYZER_NONNULL = YES;
				CLANG_ANALYZER_NUMBER_OBJECT_CONVERSION = YES_AGGRESSIVE;
				CLANG_CXX_LANGUAGE_STANDARD = "gnu++14";
				CLANG_CXX_LIBRARY = "libc++";
				CLANG_ENABLE_MODULES = YES;
				CLANG_ENABLE_OBJC_ARC = YES;
				CLANG_ENABLE_OBJC_WEAK = YES;
				CLANG_WARN_BLOCK_CAPTURE_AUTORELEASING = YES;
				CLANG_WARN_BOOL_CONVERSION = YES;
				CLANG_WARN_COMMA = YES;
				CLANG_WARN_CONSTANT_CONVERSION = YES;
				CLANG_WARN_DEPRECATED_OBJC_IMPLEMENTATIONS = YES;
				CLANG_WARN_DIRECT_OBJC_ISA_USAGE = YES_ERROR;
				CLANG_WARN_DOCUMENTATION_COMMENTS = YES;
				CLANG_WARN_EMPTY_BODY = YES;
				CLANG_WARN_ENUM_CONVERSION = YES;
				CLANG_WARN_INFINITE_RECURSION = YES;
				CLANG_WARN_INT_CONVERSION = YES;
				CLANG_WARN_NON_LITERAL_NULL_CONVERSION = YES;
				CLANG_WARN_OBJC_IMPLICIT_RETAIN_SELF = YES;
				CLANG_WARN_OBJC_LITERAL_CONVERSION = YES;
				CLANG_WARN_OBJC_ROOT_CLASS = YES_ERROR;
				CLANG_WARN_RANGE_LOOP_ANALYSIS = YES;
				CLANG_WARN_STRICT_PROTOTYPES = YES;
				CLANG_WARN_SUSPICIOUS_MOVE = YES;
				CLANG_WARN_UNGUARDED_AVAILABILITY = YES_AGGRESSIVE;
				CLANG_WARN_UNREACHABLE_CODE = YES;
				CLANG_WARN__DUPLICATE_METHOD_MATCH = YES;
				CODE_SIGN_IDENTITY = "iPhone Developer";
				COPY_PHASE_STRIP = NO;
				DEBUG_INFORMATION_FORMAT = dwarf;
				ENABLE_STRICT_OBJC_MSGSEND = YES;
				ENABLE_TESTABILITY = YES;
				GCC_C_LANGUAGE_STANDARD = gnu11;
				GCC_DYNAMIC_NO_PIC = NO;
				GCC_NO_COMMON_BLOCKS = YES;
				GCC_OPTIMIZATION_LEVEL = 0;
				GCC_PREPROCESSOR_DEFINITIONS = (
					"DEBUG=1",
					"$(inherited)",
				);
				GCC_WARN_64_TO_32_BIT_CONVERSION = YES;
				GCC_WARN_ABOUT_RETURN_TYPE = YES_ERROR;
				GCC_WARN_UNDECLARED_SELECTOR = YES;
				GCC_WARN_UNINITIALIZED_AUTOS = YES_AGGRESSIVE;
				GCC_WARN_UNUSED_FUNCTION = YES;
				GCC_WARN_UNUSED_VARIABLE = YES;
				IPHONEOS_DEPLOYMENT_TARGET = 12.2;
				MTL_ENABLE_DEBUG_INFO = INCLUDE_SOURCE;
				MTL_FAST_MATH = YES;
				ONLY_ACTIVE_ARCH = YES;
				SDKROOT = iphoneos;
				SWIFT_ACTIVE_COMPILATION_CONDITIONS = DEBUG;
				SWIFT_OPTIMIZATION_LEVEL = "-Onone";
			};
			name = Debug;
		};
		10656D46224B2FB700340DC0 /* Release */ = {
			isa = XCBuildConfiguration;
			buildSettings = {
				ALWAYS_SEARCH_USER_PATHS = NO;
				CLANG_ANALYZER_NONNULL = YES;
				CLANG_ANALYZER_NUMBER_OBJECT_CONVERSION = YES_AGGRESSIVE;
				CLANG_CXX_LANGUAGE_STANDARD = "gnu++14";
				CLANG_CXX_LIBRARY = "libc++";
				CLANG_ENABLE_MODULES = YES;
				CLANG_ENABLE_OBJC_ARC = YES;
				CLANG_ENABLE_OBJC_WEAK = YES;
				CLANG_WARN_BLOCK_CAPTURE_AUTORELEASING = YES;
				CLANG_WARN_BOOL_CONVERSION = YES;
				CLANG_WARN_COMMA = YES;
				CLANG_WARN_CONSTANT_CONVERSION = YES;
				CLANG_WARN_DEPRECATED_OBJC_IMPLEMENTATIONS = YES;
				CLANG_WARN_DIRECT_OBJC_ISA_USAGE = YES_ERROR;
				CLANG_WARN_DOCUMENTATION_COMMENTS = YES;
				CLANG_WARN_EMPTY_BODY = YES;
				CLANG_WARN_ENUM_CONVERSION = YES;
				CLANG_WARN_INFINITE_RECURSION = YES;
				CLANG_WARN_INT_CONVERSION = YES;
				CLANG_WARN_NON_LITERAL_NULL_CONVERSION = YES;
				CLANG_WARN_OBJC_IMPLICIT_RETAIN_SELF = YES;
				CLANG_WARN_OBJC_LITERAL_CONVERSION = YES;
				CLANG_WARN_OBJC_ROOT_CLASS = YES_ERROR;
				CLANG_WARN_RANGE_LOOP_ANALYSIS = YES;
				CLANG_WARN_STRICT_PROTOTYPES = YES;
				CLANG_WARN_SUSPICIOUS_MOVE = YES;
				CLANG_WARN_UNGUARDED_AVAILABILITY = YES_AGGRESSIVE;
				CLANG_WARN_UNREACHABLE_CODE = YES;
				CLANG_WARN__DUPLICATE_METHOD_MATCH = YES;
				CODE_SIGN_IDENTITY = "iPhone Developer";
				COPY_PHASE_STRIP = NO;
				DEBUG_INFORMATION_FORMAT = "dwarf-with-dsym";
				ENABLE_NS_ASSERTIONS = NO;
				ENABLE_STRICT_OBJC_MSGSEND = YES;
				GCC_C_LANGUAGE_STANDARD = gnu11;
				GCC_NO_COMMON_BLOCKS = YES;
				GCC_WARN_64_TO_32_BIT_CONVERSION = YES;
				GCC_WARN_ABOUT_RETURN_TYPE = YES_ERROR;
				GCC_WARN_UNDECLARED_SELECTOR = YES;
				GCC_WARN_UNINITIALIZED_AUTOS = YES_AGGRESSIVE;
				GCC_WARN_UNUSED_FUNCTION = YES;
				GCC_WARN_UNUSED_VARIABLE = YES;
				IPHONEOS_DEPLOYMENT_TARGET = 12.2;
				MTL_ENABLE_DEBUG_INFO = NO;
				MTL_FAST_MATH = YES;
				SDKROOT = iphoneos;
				SWIFT_COMPILATION_MODE = wholemodule;
				SWIFT_OPTIMIZATION_LEVEL = "-O";
				VALIDATE_PRODUCT = YES;
			};
			name = Release;
		};
		10656D48224B2FB700340DC0 /* Debug */ = {
			isa = XCBuildConfiguration;
			buildSettings = {
				ASSETCATALOG_COMPILER_APPICON_NAME = AppIcon;
				CODE_SIGN_STYLE = Automatic;
				DEVELOPMENT_TEAM = RDLDA5X9X8;
				INFOPLIST_FILE = GameTrkr/Info.plist;
				LD_RUNPATH_SEARCH_PATHS = (
					"$(inherited)",
					"@executable_path/Frameworks",
				);
				PRODUCT_BUNDLE_IDENTIFIER = Home.GameTrkr;
				PRODUCT_NAME = "$(TARGET_NAME)";
				SWIFT_VERSION = 5.0;
				TARGETED_DEVICE_FAMILY = "1,2";
			};
			name = Debug;
		};
		10656D49224B2FB700340DC0 /* Release */ = {
			isa = XCBuildConfiguration;
			buildSettings = {
				ASSETCATALOG_COMPILER_APPICON_NAME = AppIcon;
				CODE_SIGN_STYLE = Automatic;
				DEVELOPMENT_TEAM = RDLDA5X9X8;
				INFOPLIST_FILE = GameTrkr/Info.plist;
				LD_RUNPATH_SEARCH_PATHS = (
					"$(inherited)",
					"@executable_path/Frameworks",
				);
				PRODUCT_BUNDLE_IDENTIFIER = Home.GameTrkr;
				PRODUCT_NAME = "$(TARGET_NAME)";
				SWIFT_VERSION = 5.0;
				TARGETED_DEVICE_FAMILY = "1,2";
			};
			name = Release;
		};
		10656D4B224B2FB700340DC0 /* Debug */ = {
			isa = XCBuildConfiguration;
			buildSettings = {
				ALWAYS_EMBED_SWIFT_STANDARD_LIBRARIES = YES;
				BUNDLE_LOADER = "$(TEST_HOST)";
				CODE_SIGN_STYLE = Automatic;
				INFOPLIST_FILE = GameTrkrTests/Info.plist;
				LD_RUNPATH_SEARCH_PATHS = (
					"$(inherited)",
					"@executable_path/Frameworks",
					"@loader_path/Frameworks",
				);
				PRODUCT_BUNDLE_IDENTIFIER = Home.GameTrkrTests;
				PRODUCT_NAME = "$(TARGET_NAME)";
				SWIFT_VERSION = 5.0;
				TARGETED_DEVICE_FAMILY = "1,2";
				TEST_HOST = "$(BUILT_PRODUCTS_DIR)/GameTrkr.app/GameTrkr";
			};
			name = Debug;
		};
		10656D4C224B2FB700340DC0 /* Release */ = {
			isa = XCBuildConfiguration;
			buildSettings = {
				ALWAYS_EMBED_SWIFT_STANDARD_LIBRARIES = YES;
				BUNDLE_LOADER = "$(TEST_HOST)";
				CODE_SIGN_STYLE = Automatic;
				INFOPLIST_FILE = GameTrkrTests/Info.plist;
				LD_RUNPATH_SEARCH_PATHS = (
					"$(inherited)",
					"@executable_path/Frameworks",
					"@loader_path/Frameworks",
				);
				PRODUCT_BUNDLE_IDENTIFIER = Home.GameTrkrTests;
				PRODUCT_NAME = "$(TARGET_NAME)";
				SWIFT_VERSION = 5.0;
				TARGETED_DEVICE_FAMILY = "1,2";
				TEST_HOST = "$(BUILT_PRODUCTS_DIR)/GameTrkr.app/GameTrkr";
			};
			name = Release;
		};
		10656D4E224B2FB700340DC0 /* Debug */ = {
			isa = XCBuildConfiguration;
			buildSettings = {
				ALWAYS_EMBED_SWIFT_STANDARD_LIBRARIES = YES;
				CODE_SIGN_STYLE = Automatic;
				INFOPLIST_FILE = GameTrkrUITests/Info.plist;
				LD_RUNPATH_SEARCH_PATHS = (
					"$(inherited)",
					"@executable_path/Frameworks",
					"@loader_path/Frameworks",
				);
				PRODUCT_BUNDLE_IDENTIFIER = Home.GameTrkrUITests;
				PRODUCT_NAME = "$(TARGET_NAME)";
				SWIFT_VERSION = 5.0;
				TARGETED_DEVICE_FAMILY = "1,2";
				TEST_TARGET_NAME = GameTrkr;
			};
			name = Debug;
		};
		10656D4F224B2FB700340DC0 /* Release */ = {
			isa = XCBuildConfiguration;
			buildSettings = {
				ALWAYS_EMBED_SWIFT_STANDARD_LIBRARIES = YES;
				CODE_SIGN_STYLE = Automatic;
				INFOPLIST_FILE = GameTrkrUITests/Info.plist;
				LD_RUNPATH_SEARCH_PATHS = (
					"$(inherited)",
					"@executable_path/Frameworks",
					"@loader_path/Frameworks",
				);
				PRODUCT_BUNDLE_IDENTIFIER = Home.GameTrkrUITests;
				PRODUCT_NAME = "$(TARGET_NAME)";
				SWIFT_VERSION = 5.0;
				TARGETED_DEVICE_FAMILY = "1,2";
				TEST_TARGET_NAME = GameTrkr;
			};
			name = Release;
		};
/* End XCBuildConfiguration section */

/* Begin XCConfigurationList section */
		10656D17224B2FB200340DC0 /* Build configuration list for PBXProject "GameTrkr" */ = {
			isa = XCConfigurationList;
			buildConfigurations = (
				10656D45224B2FB700340DC0 /* Debug */,
				10656D46224B2FB700340DC0 /* Release */,
			);
			defaultConfigurationIsVisible = 0;
			defaultConfigurationName = Release;
		};
		10656D47224B2FB700340DC0 /* Build configuration list for PBXNativeTarget "GameTrkr" */ = {
			isa = XCConfigurationList;
			buildConfigurations = (
				10656D48224B2FB700340DC0 /* Debug */,
				10656D49224B2FB700340DC0 /* Release */,
			);
			defaultConfigurationIsVisible = 0;
			defaultConfigurationName = Release;
		};
		10656D4A224B2FB700340DC0 /* Build configuration list for PBXNativeTarget "GameTrkrTests" */ = {
			isa = XCConfigurationList;
			buildConfigurations = (
				10656D4B224B2FB700340DC0 /* Debug */,
				10656D4C224B2FB700340DC0 /* Release */,
			);
			defaultConfigurationIsVisible = 0;
			defaultConfigurationName = Release;
		};
		10656D4D224B2FB700340DC0 /* Build configuration list for PBXNativeTarget "GameTrkrUITests" */ = {
			isa = XCConfigurationList;
			buildConfigurations = (
				10656D4E224B2FB700340DC0 /* Debug */,
				10656D4F224B2FB700340DC0 /* Release */,
			);
			defaultConfigurationIsVisible = 0;
			defaultConfigurationName = Release;
		};
/* End XCConfigurationList section */

/* Begin XCVersionGroup section */
		10656D26224B2FB200340DC0 /* GameTrkr.xcdatamodeld */ = {
			isa = XCVersionGroup;
			children = (
				10656D27224B2FB200340DC0 /* GameTrkr.xcdatamodel */,
			);
			currentVersion = 10656D27224B2FB200340DC0 /* GameTrkr.xcdatamodel */;
			path = GameTrkr.xcdatamodeld;
			sourceTree = "<group>";
			versionGroupType = wrapper.xcdatamodel;
		};
/* End XCVersionGroup section */
	};
	rootObject = 10656D14224B2FB200340DC0 /* Project object */;
}
